# THIS IS AN AUTOGENERATED FILE. DO NOT EDIT THIS FILE DIRECTLY.
# yarn lockfile v1


actorify@^1.0.0:
  version "1.0.0"
  resolved "https://registry.yarnpkg.com/actorify/-/actorify-1.0.0.tgz#6007d339f9383aec027fae2368e795acadc83b1f"
  dependencies:
    amp "0.3.1"
    amp-message "0.1.1"
    ms "~0.6.1"

amp-message@0.1.1:
  version "0.1.1"
  resolved "https://registry.yarnpkg.com/amp-message/-/amp-message-0.1.1.tgz#96f93f5582366d067585febd0887a0f2edf7b9b2"
  dependencies:
    amp "0.3.1"

amp@0.3.1:
  version "0.3.1"
  resolved "https://registry.yarnpkg.com/amp/-/amp-0.3.1.tgz#6adf8d58a74f361e82c1fa8d389c079e139fc47d"

backo@~1.0.1:
  version "1.0.1"
  resolved "https://registry.yarnpkg.com/backo/-/backo-1.0.1.tgz#d86ce4fc2a50cdff6b9d3a97acd5c9640de4d927"

batch@~0.5.0:
  version "0.5.3"
  resolved "https://registry.yarnpkg.com/batch/-/batch-0.5.3.tgz#3f3414f380321743bfc1042f9a83ff1d5824d464"

commander@~2.1.0:
  version "2.1.0"
  resolved "https://registry.yarnpkg.com/commander/-/commander-2.1.0.tgz#d121bbae860d9992a3d517ba96f56588e47c6781"

debug@~0.7.4:
  version "0.7.4"
  resolved "https://registry.yarnpkg.com/debug/-/debug-0.7.4.tgz#06e1ea8082c2cb14e39806e22e2f6f757f92af39"

escape-regexp@0.0.1:
  version "0.0.1"
  resolved "https://registry.yarnpkg.com/escape-regexp/-/escape-regexp-0.0.1.tgz#f44bda12d45bbdf9cb7f862ee7e4827b3dd32254"

jstrace@^0.3.0:
  version "0.3.0"
  resolved "https://registry.yarnpkg.com/jstrace/-/jstrace-0.3.0.tgz#7bb5cc9d81cdeb73e9390b92018131adfbac37e0"
  dependencies:
    actorify "^1.0.0"
    backo "~1.0.1"
    batch "~0.5.0"
    commander "~2.1.0"
    debug "~0.7.4"
    escape-regexp "0.0.1"

ms@~0.6.1:
  version "0.6.2"
  resolved "https://registry.yarnpkg.com/ms/-/ms-0.6.2.tgz#d89c2124c6fdc1353d65a8b77bf1aac4b193708c"
