# THIS IS AN AUTOGENERATED FILE. DO NOT EDIT THIS FILE DIRECTLY.
# yarn lockfile v1


async-listener@~0.4.7:
  version "0.4.7"
  resolved "https://registry.yarnpkg.com/async-listener/-/async-listener-0.4.7.tgz#0d8e3900b318e2d63c587182211a1eef3bb5bb82"
  dependencies:
    shimmer "1.0.0"

async@2.3.0:
  version "2.3.0"
  resolved "https://registry.yarnpkg.com/async/-/async-2.3.0.tgz#1013d1051047dd320fe24e494d5c66ecaf6147d9"
  dependencies:
    lodash "^4.14.0"

co@^3.1.0:
  version "3.1.0"
  resolved "https://registry.yarnpkg.com/co/-/co-3.1.0.tgz#4ea54ea5a08938153185e15210c68d9092bc1b78"

debug@2.6.3:
  version "2.6.3"
  resolved "https://registry.yarnpkg.com/debug/-/debug-2.6.3.tgz#0f7eb8c30965ec08c72accfa0130c8b79984141d"
  dependencies:
    ms "0.7.2"

domain@^0.0.1:
  version "0.0.1"
  resolved "https://registry.yarnpkg.com/domain/-/domain-0.0.1.tgz#f16cabd3a0fad57d672222a59d16f51eda8af7d8"
  dependencies:
    co "^3.1.0"
    eventstore "^1.0.3"
    shortid "^2.0.1"
    should "^4.1.0"
    thunkify "^2.1.2"

dotty@0.0.2:
  version "0.0.2"
  resolved "https://registry.yarnpkg.com/dotty/-/dotty-0.0.2.tgz#e1de8d46267b62fade12b5b58c21ca514c4a7aa1"

eventstore@^1.0.3:
  version "1.12.3"
  resolved "https://registry.yarnpkg.com/eventstore/-/eventstore-1.12.3.tgz#78d42b7b4d043182023fa94775d0dbb1c7d4499c"
  dependencies:
    async "2.3.0"
    debug "2.6.3"
    dotty "0.0.2"
    jsondate "0.0.1"
    lodash "4.17.4"
    parent-require "1.0.0"
    tolerance "1.0.0"
    uuid "3.0.1"

jsondate@0.0.1:
  version "0.0.1"
  resolved "https://registry.yarnpkg.com/jsondate/-/jsondate-0.0.1.tgz#457a9ae01826d19faf7e87c9be263d4f3aa237fc"

lodash@4.17.4, lodash@^4.14.0:
  version "4.17.4"
  resolved "https://registry.yarnpkg.com/lodash/-/lodash-4.17.4.tgz#78203a4d1c328ae1d86dca6460e369b57f4055ae"

ms@0.7.2:
  version "0.7.2"
  resolved "https://registry.yarnpkg.com/ms/-/ms-0.7.2.tgz#ae25cf2512b3885a1d95d7f037868d8431124765"

parent-require@1.0.0:
  version "1.0.0"
  resolved "https://registry.yarnpkg.com/parent-require/-/parent-require-1.0.0.tgz#746a167638083a860b0eef6732cb27ed46c32977"

retry@>=0.6.0:
  version "0.10.1"
  resolved "https://registry.yarnpkg.com/retry/-/retry-0.10.1.tgz#e76388d217992c252750241d3d3956fed98d8ff4"

shimmer@1.0.0:
  version "1.0.0"
  resolved "https://registry.yarnpkg.com/shimmer/-/shimmer-1.0.0.tgz#49c2d71c678360b802be18b278382d1cbb805c39"

shortid@^2.0.1:
  version "2.2.8"
  resolved "https://registry.yarnpkg.com/shortid/-/shortid-2.2.8.tgz#033b117d6a2e975804f6f0969dbe7d3d0b355131"

should-equal@0.3.1:
  version "0.3.1"
  resolved "https://registry.yarnpkg.com/should-equal/-/should-equal-0.3.1.tgz#bd8ea97a6748e39fad476a3be6fd72ebc2e72bf0"
  dependencies:
    should-type "0.0.4"

should-format@0.0.7:
  version "0.0.7"
  resolved "https://registry.yarnpkg.com/should-format/-/should-format-0.0.7.tgz#1e2ef86bd91da9c2e0412335b56ababd9a2fde12"
  dependencies:
    should-type "0.0.4"

should-type@0.0.4:
  version "0.0.4"
  resolved "https://registry.yarnpkg.com/should-type/-/should-type-0.0.4.tgz#0132a05417a6126866426acf116f1ed5623a5cd0"

should@^4.1.0:
  version "4.6.5"
  resolved "https://registry.yarnpkg.com/should/-/should-4.6.5.tgz#0d12346dbbd1b028f9f4bb7a9d547364fc36a87f"
  dependencies:
    should-equal "0.3.1"
    should-format "0.0.7"
    should-type "0.0.4"

stackup@^1.0.1:
  version "1.0.1"
  resolved "https://registry.yarnpkg.com/stackup/-/stackup-1.0.1.tgz#bef7037345abcca6bae55bc88c422ce704142a1a"
  dependencies:
    async-listener "~0.4.7"

thunkify@^2.1.2:
  version "2.1.2"
  resolved "https://registry.yarnpkg.com/thunkify/-/thunkify-2.1.2.tgz#faa0e9d230c51acc95ca13a361ac05ca7e04553d"

tolerance@1.0.0:
  version "1.0.0"
  resolved "https://registry.yarnpkg.com/tolerance/-/tolerance-1.0.0.tgz#985168e5dd13c09ded414ac73866f847b408da6c"
  dependencies:
    retry ">=0.6.0"

uuid@3.0.1:
  version "3.0.1"
  resolved "https://registry.yarnpkg.com/uuid/-/uuid-3.0.1.tgz#6544bba2dfda8c1cf17e629a3a305e2bb1fee6c1"
